<?xml version="1.0" encoding="utf-8"?>
<Project ToolsVersion="4.0" xmlns="http://schemas.microsoft.com/developer/msbuild/2003">
  <ItemGroup>
    <Filter Include="Source Files">
      <UniqueIdentifier>{4FC737F1-C7A5-4376-A066-2A32D752A2FF}</UniqueIdentifier>
      <Extensions>cpp;c;cc;cxx;def;odl;idl;hpj;bat;asm;asmx</Extensions>
    </Filter>
    <Filter Include="Header Files">
      <UniqueIdentifier>{93995380-89BD-4b04-88EB-625FBE52EBFB}</UniqueIdentifier>
      <Extensions>h;hh;hpp;hxx;hm;inl;inc;ipp;xsd</Extensions>
    </Filter>
  </ItemGroup>
  <ItemGroup>
    <ClInclude Include="FGraph.h">
      <Filter>Header Files</Filter>
    </ClInclude>
    <ClInclude Include="IVisitor.h">
      <Filter>Header Files</Filter>
    </ClInclude>
    <ClInclude Include="FVertex.h">
      <Filter>Header Files</Filter>
    </ClInclude>
    <ClInclude Include="FOperand.h">
      <Filter>Header Files</Filter>
    </ClInclude>
    <ClInclude Include="FOperator.h">
      <Filter>Header Files</Filter>
    </ClInclude>
    <ClInclude Include="FAdd.h">
      <Filter>Header Files</Filter>
    </ClInclude>
    <ClInclude Include="FMultiply.h">
      <Filter>Header Files</Filter>
    </ClInclude>
    <ClInclude Include="FNode.h">
      <Filter>Header Files</Filter>
    </ClInclude>
    <ClInclude Include="Framework.h">
      <Filter>Header Files</Filter>
    </ClInclude>
    <ClInclude Include="FPlaceholderVisitor.h">
      <Filter>Header Files</Filter>
    </ClInclude>
    <ClInclude Include="FForwardVisitor.h">
      <Filter>Header Files</Filter>
    </ClInclude>
    <ClInclude Include="FResetVisitor.h">
      <Filter>Header Files</Filter>
    </ClInclude>
    <ClInclude Include="FBackwardVisitor.h">
      <Filter>Header Files</Filter>
    </ClInclude>
    <ClInclude Include="resource.h">
      <Filter>Header Files</Filter>
    </ClInclude>
    <ClInclude Include="FSubstract.h">
      <Filter>Header Files</Filter>
    </ClInclude>
    <ClInclude Include="FDivide.h">
      <Filter>Header Files</Filter>
    </ClInclude>
    <ClInclude Include="FSin.h">
      <Filter>Header Files</Filter>
    </ClInclude>
    <ClInclude Include="FCos.h">
      <Filter>Header Files</Filter>
    </ClInclude>
    <ClInclude Include="FPower.h">
      <Filter>Header Files</Filter>
    </ClInclude>
  </ItemGroup>
  <ItemGroup>
    <ClCompile Include="FGraph.cpp">
      <Filter>Source Files</Filter>
    </ClCompile>
    <ClCompile Include="main.cpp">
      <Filter>Source Files</Filter>
    </ClCompile>
    <ClCompile Include="IVisitor.cpp">
      <Filter>Source Files</Filter>
    </ClCompile>
    <ClCompile Include="FVertex.cpp">
      <Filter>Source Files</Filter>
    </ClCompile>
    <ClCompile Include="FOperand.cpp">
      <Filter>Source Files</Filter>
    </ClCompile>
    <ClCompile Include="FOperator.cpp">
      <Filter>Source Files</Filter>
    </ClCompile>
    <ClCompile Include="FAdd.cpp">
      <Filter>Source Files</Filter>
    </ClCompile>
    <ClCompile Include="FMultiply.cpp">
      <Filter>Source Files</Filter>
    </ClCompile>
    <ClCompile Include="FNode.cpp">
      <Filter>Source Files</Filter>
    </ClCompile>
    <ClCompile Include="FPlaceholderVisitor.cpp">
      <Filter>Source Files</Filter>
    </ClCompile>
    <ClCompile Include="FForwardVisitor.cpp">
      <Filter>Source Files</Filter>
    </ClCompile>
    <ClCompile Include="FResetVisitor.cpp">
      <Filter>Source Files</Filter>
    </ClCompile>
    <ClCompile Include="FBackwardVisitor.cpp">
      <Filter>Source Files</Filter>
    </ClCompile>
    <ClCompile Include="FSubstract.cpp">
      <Filter>Source Files</Filter>
    </ClCompile>
    <ClCompile Include="FDivide.cpp">
      <Filter>Source Files</Filter>
    </ClCompile>
    <ClCompile Include="FSin.cpp">
      <Filter>Source Files</Filter>
    </ClCompile>
    <ClCompile Include="FCos.cpp">
      <Filter>Source Files</Filter>
    </ClCompile>
    <ClCompile Include="FPower.cpp">
      <Filter>Source Files</Filter>
    </ClCompile>
  </ItemGroup>
  <ItemGroup>
    <Text Include="Text.txt" />
  </ItemGroup>
</Project>